
Microsoft Visual Studio Solution File, Format Version 12.00
Project("{FAE04EC0-301F-11D3-BF4B-00C04F79EFBC}") = "Recipes.Web", "src\Recipes.Web\Recipes.Web.csproj", "{55EBB7B4-46CE-4C65-B9D6-6ABF12D77E48}"
EndProject
Project("{FAE04EC0-301F-11D3-BF4B-00C04F79EFBC}") = "Recipes.DAL", "src\Recipes.DAL\Recipes.DAL.csproj", "{AF030F49-727A-4ACA-A098-2F181287CA9B}"
EndProject
Project("{FAE04EC0-301F-11D3-BF4B-00C04F79EFBC}") = "Recipes.BLL", "src\Recipes.BLL\Recipes.BLL.csproj", "{1D930AEF-9409-44B5-804A-D912DDCB1ED7}"
EndProject
Project("{2150E333-8FDC-42A3-9474-1A3956D46DE8}") = "src", "src", "{1D08E99A-CF8C-46B5-96D5-B6BC3CC8ACC1}"
EndProject
Global
	GlobalSection(SolutionConfigurationPlatforms) = preSolution
		Debug|Any CPU = Debug|Any CPU
		Release|Any CPU = Release|Any CPU
	EndGlobalSection
	GlobalSection(ProjectConfigurationPlatforms) = postSolution
		{55EBB7B4-46CE-4C65-B9D6-6ABF12D77E48}.Debug|Any CPU.ActiveCfg = Debug|Any CPU
		{55EBB7B4-46CE-4C65-B9D6-6ABF12D77E48}.Debug|Any CPU.Build.0 = Debug|Any CPU
		{55EBB7B4-46CE-4C65-B9D6-6ABF12D77E48}.Release|Any CPU.ActiveCfg = Release|Any CPU
		{55EBB7B4-46CE-4C65-B9D6-6ABF12D77E48}.Release|Any CPU.Build.0 = Release|Any CPU
		{AF030F49-727A-4ACA-A098-2F181287CA9B}.Debug|Any CPU.ActiveCfg = Debug|Any CPU
		{AF030F49-727A-4ACA-A098-2F181287CA9B}.Debug|Any CPU.Build.0 = Debug|Any CPU
		{AF030F49-727A-4ACA-A098-2F181287CA9B}.Release|Any CPU.ActiveCfg = Release|Any CPU
		{AF030F49-727A-4ACA-A098-2F181287CA9B}.Release|Any CPU.Build.0 = Release|Any CPU
		{1D930AEF-9409-44B5-804A-D912DDCB1ED7}.Debug|Any CPU.ActiveCfg = Debug|Any CPU
		{1D930AEF-9409-44B5-804A-D912DDCB1ED7}.Debug|Any CPU.Build.0 = Debug|Any CPU
		{1D930AEF-9409-44B5-804A-D912DDCB1ED7}.Release|Any CPU.ActiveCfg = Release|Any CPU
		{1D930AEF-9409-44B5-804A-D912DDCB1ED7}.Release|Any CPU.Build.0 = Release|Any CPU
	EndGlobalSection
	GlobalSection(NestedProjects) = preSolution
		{1D930AEF-9409-44B5-804A-D912DDCB1ED7} = {1D08E99A-CF8C-46B5-96D5-B6BC3CC8ACC1}
		{AF030F49-727A-4ACA-A098-2F181287CA9B} = {1D08E99A-CF8C-46B5-96D5-B6BC3CC8ACC1}
		{55EBB7B4-46CE-4C65-B9D6-6ABF12D77E48} = {1D08E99A-CF8C-46B5-96D5-B6BC3CC8ACC1}
	EndGlobalSection
EndGlobal
